
Microsoft Visual Studio Solution File, Format Version 12.00
# Visual Studio 15
Project("{FAE04EC0-301F-11D3-BF4B-00C04F79EFBC}") = "AdventureGame", "AdventureGama\AdventureGame.csproj", "{0AD02F28-9869-46E8-92F6-D79A81413F02}"
EndProject
Global
	GlobalSection(SolutionConfigurationPlatforms) = preSolution
		Debug|anycpu = Debug|anycpu
		Release|anycpu = Release|anycpu
	EndGlobalSection
	GlobalSection(ProjectConfigurationPlatforms) = postSolution
		{0AD02F28-9869-46E8-92F6-D79A81413F02}.Debug|anycpu.ActiveCfg = Debug|anycpu
		{0AD02F28-9869-46E8-92F6-D79A81413F02}.Debug|anycpu.Build.0 = Debug|anycpu
		{0AD02F28-9869-46E8-92F6-D79A81413F02}.Release|anycpu.ActiveCfg = Release|anycpu
		{0AD02F28-9869-46E8-92F6-D79A81413F02}.Release|anycpu.Build.0 = Release|anycpu
	EndGlobalSection
EndGlobal
